
Microsoft Visual Studio Solution File, Format Version 12.00
# Visual Studio 15
VisualStudioVersion = 15.0.27703.2035
MinimumVisualStudioVersion = 10.0.40219.1
Project("{FAE04EC0-301F-11D3-BF4B-00C04F79EFBC}") = "CalculoMediaIdade", "CalculoMediaIdade\CalculoMediaIdade.csproj", "{AD41B721-4C56-470D-A67B-F09398F478D4}"
EndProject
Global
	GlobalSection(SolutionConfigurationPlatforms) = preSolution
		Debug|Any CPU = Debug|Any CPU
		Release|Any CPU = Release|Any CPU
	EndGlobalSection
	GlobalSection(ProjectConfigurationPlatforms) = postSolution
		{AD41B721-4C56-470D-A67B-F09398F478D4}.Debug|Any CPU.ActiveCfg = Debug|Any CPU
		{AD41B721-4C56-470D-A67B-F09398F478D4}.Debug|Any CPU.Build.0 = Debug|Any CPU
		{AD41B721-4C56-470D-A67B-F09398F478D4}.Release|Any CPU.ActiveCfg = Release|Any CPU
		{AD41B721-4C56-470D-A67B-F09398F478D4}.Release|Any CPU.Build.0 = Release|Any CPU
	EndGlobalSection
	GlobalSection(SolutionProperties) = preSolution
		HideSolutionNode = FALSE
	EndGlobalSection
	GlobalSection(ExtensibilityGlobals) = postSolution
		SolutionGuid = {9CE30F06-1888-479B-BE05-05FCBBAD84A0}
	EndGlobalSection
EndGlobal
