
Microsoft Visual Studio Solution File, Format Version 12.00
# Visual Studio 15
VisualStudioVersion = 15.0.27703.2035
MinimumVisualStudioVersion = 10.0.40219.1
Project("{FAE04EC0-301F-11D3-BF4B-00C04F79EFBC}") = "ExercícioOperadores", "ExercícioOperadores\ExercícioOperadores.csproj", "{47D300DE-11EA-4F58-9E69-6273AB92BAFA}"
EndProject
Global
	GlobalSection(SolutionConfigurationPlatforms) = preSolution
		Debug|Any CPU = Debug|Any CPU
		Release|Any CPU = Release|Any CPU
	EndGlobalSection
	GlobalSection(ProjectConfigurationPlatforms) = postSolution
		{47D300DE-11EA-4F58-9E69-6273AB92BAFA}.Debug|Any CPU.ActiveCfg = Debug|Any CPU
		{47D300DE-11EA-4F58-9E69-6273AB92BAFA}.Debug|Any CPU.Build.0 = Debug|Any CPU
		{47D300DE-11EA-4F58-9E69-6273AB92BAFA}.Release|Any CPU.ActiveCfg = Release|Any CPU
		{47D300DE-11EA-4F58-9E69-6273AB92BAFA}.Release|Any CPU.Build.0 = Release|Any CPU
	EndGlobalSection
	GlobalSection(SolutionProperties) = preSolution
		HideSolutionNode = FALSE
	EndGlobalSection
	GlobalSection(ExtensibilityGlobals) = postSolution
		SolutionGuid = {DF514E94-ED50-471B-A196-AFECF614BA26}
	EndGlobalSection
EndGlobal
