
Microsoft Visual Studio Solution File, Format Version 12.00
# Visual Studio 15
VisualStudioVersion = 15.0.27703.2035
MinimumVisualStudioVersion = 10.0.40219.1
Project("{FAE04EC0-301F-11D3-BF4B-00C04F79EFBC}") = "CálculoImposto", "CálculoImposto\CálculoImposto.csproj", "{7DA0F400-1EE6-471B-8B9D-FC865C450DBB}"
EndProject
Global
	GlobalSection(SolutionConfigurationPlatforms) = preSolution
		Debug|Any CPU = Debug|Any CPU
		Release|Any CPU = Release|Any CPU
	EndGlobalSection
	GlobalSection(ProjectConfigurationPlatforms) = postSolution
		{7DA0F400-1EE6-471B-8B9D-FC865C450DBB}.Debug|Any CPU.ActiveCfg = Debug|Any CPU
		{7DA0F400-1EE6-471B-8B9D-FC865C450DBB}.Debug|Any CPU.Build.0 = Debug|Any CPU
		{7DA0F400-1EE6-471B-8B9D-FC865C450DBB}.Release|Any CPU.ActiveCfg = Release|Any CPU
		{7DA0F400-1EE6-471B-8B9D-FC865C450DBB}.Release|Any CPU.Build.0 = Release|Any CPU
	EndGlobalSection
	GlobalSection(SolutionProperties) = preSolution
		HideSolutionNode = FALSE
	EndGlobalSection
	GlobalSection(ExtensibilityGlobals) = postSolution
		SolutionGuid = {C5AA5242-3B44-4C4A-8FBF-6318E9F4B4CB}
	EndGlobalSection
EndGlobal
