
Microsoft Visual Studio Solution File, Format Version 12.00
# Visual Studio 15
VisualStudioVersion = 15.0.27703.2035
MinimumVisualStudioVersion = 10.0.40219.1
Project("{FAE04EC0-301F-11D3-BF4B-00C04F79EFBC}") = "Aula8", "Aula8\Aula8.csproj", "{D2AD7564-2F6E-4E99-9ADD-E3960E68FA36}"
EndProject
Global
	GlobalSection(SolutionConfigurationPlatforms) = preSolution
		Debug|Any CPU = Debug|Any CPU
		Release|Any CPU = Release|Any CPU
	EndGlobalSection
	GlobalSection(ProjectConfigurationPlatforms) = postSolution
		{D2AD7564-2F6E-4E99-9ADD-E3960E68FA36}.Debug|Any CPU.ActiveCfg = Debug|Any CPU
		{D2AD7564-2F6E-4E99-9ADD-E3960E68FA36}.Debug|Any CPU.Build.0 = Debug|Any CPU
		{D2AD7564-2F6E-4E99-9ADD-E3960E68FA36}.Release|Any CPU.ActiveCfg = Release|Any CPU
		{D2AD7564-2F6E-4E99-9ADD-E3960E68FA36}.Release|Any CPU.Build.0 = Release|Any CPU
	EndGlobalSection
	GlobalSection(SolutionProperties) = preSolution
		HideSolutionNode = FALSE
	EndGlobalSection
	GlobalSection(ExtensibilityGlobals) = postSolution
		SolutionGuid = {7EFB677B-BD17-4CB7-9995-0E53C7087581}
	EndGlobalSection
EndGlobal
