
Microsoft Visual Studio Solution File, Format Version 12.00
# Visual Studio 15
VisualStudioVersion = 15.0.28010.0
MinimumVisualStudioVersion = 10.0.40219.1
Project("{FAE04EC0-301F-11D3-BF4B-00C04F79EFBC}") = "CursoDesignPatterns", "CursoDesignPatterns\CursoDesignPatterns.csproj", "{88C9C968-1655-4470-B486-BE6E64E7E43D}"
EndProject
Project("{FAE04EC0-301F-11D3-BF4B-00C04F79EFBC}") = "CursoDesignPatterns_II", "CursoDesignPatterns_II\CursoDesignPatterns_II.csproj", "{EBD8F6AC-A11E-4405-8D76-4DDD7B2D4E35}"
EndProject
Project("{FAE04EC0-301F-11D3-BF4B-00C04F79EFBC}") = "Solid", "Solid\Solid.csproj", "{D7F90899-E84B-45AF-AA3C-2587BA73A4C8}"
EndProject
Global
	GlobalSection(SolutionConfigurationPlatforms) = preSolution
		Debug|Any CPU = Debug|Any CPU
		Release|Any CPU = Release|Any CPU
	EndGlobalSection
	GlobalSection(ProjectConfigurationPlatforms) = postSolution
		{88C9C968-1655-4470-B486-BE6E64E7E43D}.Debug|Any CPU.ActiveCfg = Debug|Any CPU
		{88C9C968-1655-4470-B486-BE6E64E7E43D}.Debug|Any CPU.Build.0 = Debug|Any CPU
		{88C9C968-1655-4470-B486-BE6E64E7E43D}.Release|Any CPU.ActiveCfg = Release|Any CPU
		{88C9C968-1655-4470-B486-BE6E64E7E43D}.Release|Any CPU.Build.0 = Release|Any CPU
		{EBD8F6AC-A11E-4405-8D76-4DDD7B2D4E35}.Debug|Any CPU.ActiveCfg = Debug|Any CPU
		{EBD8F6AC-A11E-4405-8D76-4DDD7B2D4E35}.Debug|Any CPU.Build.0 = Debug|Any CPU
		{EBD8F6AC-A11E-4405-8D76-4DDD7B2D4E35}.Release|Any CPU.ActiveCfg = Release|Any CPU
		{EBD8F6AC-A11E-4405-8D76-4DDD7B2D4E35}.Release|Any CPU.Build.0 = Release|Any CPU
		{D7F90899-E84B-45AF-AA3C-2587BA73A4C8}.Debug|Any CPU.ActiveCfg = Debug|Any CPU
		{D7F90899-E84B-45AF-AA3C-2587BA73A4C8}.Debug|Any CPU.Build.0 = Debug|Any CPU
		{D7F90899-E84B-45AF-AA3C-2587BA73A4C8}.Release|Any CPU.ActiveCfg = Release|Any CPU
		{D7F90899-E84B-45AF-AA3C-2587BA73A4C8}.Release|Any CPU.Build.0 = Release|Any CPU
	EndGlobalSection
	GlobalSection(SolutionProperties) = preSolution
		HideSolutionNode = FALSE
	EndGlobalSection
	GlobalSection(ExtensibilityGlobals) = postSolution
		SolutionGuid = {AFF958D5-4FE3-4F2D-A4E6-E42D5A630C2D}
	EndGlobalSection
EndGlobal
