
Microsoft Visual Studio Solution File, Format Version 12.00
# Visual Studio 15
VisualStudioVersion = 15.0.28010.0
MinimumVisualStudioVersion = 10.0.40219.1
Project("{FAE04EC0-301F-11D3-BF4B-00C04F79EFBC}") = "Caelum.Leilao", "Leilao_tdd\Leilao_tdd\Caelum.Leilao.csproj", "{698BC183-31DE-4100-BB66-BE9DB06F292F}"
EndProject
Project("{FAE04EC0-301F-11D3-BF4B-00C04F79EFBC}") = "Leilao.tests", "Leilao.tests\Leilao.tests.csproj", "{5FCB7550-21EB-4A40-A553-AD0C96DF1EB7}"
EndProject
Global
	GlobalSection(SolutionConfigurationPlatforms) = preSolution
		Debug|Any CPU = Debug|Any CPU
		Release|Any CPU = Release|Any CPU
	EndGlobalSection
	GlobalSection(ProjectConfigurationPlatforms) = postSolution
		{698BC183-31DE-4100-BB66-BE9DB06F292F}.Debug|Any CPU.ActiveCfg = Debug|Any CPU
		{698BC183-31DE-4100-BB66-BE9DB06F292F}.Debug|Any CPU.Build.0 = Debug|Any CPU
		{698BC183-31DE-4100-BB66-BE9DB06F292F}.Release|Any CPU.ActiveCfg = Release|Any CPU
		{698BC183-31DE-4100-BB66-BE9DB06F292F}.Release|Any CPU.Build.0 = Release|Any CPU
		{5FCB7550-21EB-4A40-A553-AD0C96DF1EB7}.Debug|Any CPU.ActiveCfg = Debug|Any CPU
		{5FCB7550-21EB-4A40-A553-AD0C96DF1EB7}.Debug|Any CPU.Build.0 = Debug|Any CPU
		{5FCB7550-21EB-4A40-A553-AD0C96DF1EB7}.Release|Any CPU.ActiveCfg = Release|Any CPU
		{5FCB7550-21EB-4A40-A553-AD0C96DF1EB7}.Release|Any CPU.Build.0 = Release|Any CPU
	EndGlobalSection
	GlobalSection(SolutionProperties) = preSolution
		HideSolutionNode = FALSE
	EndGlobalSection
	GlobalSection(ExtensibilityGlobals) = postSolution
		SolutionGuid = {AFF958D5-4FE3-4F2D-A4E6-E42D5A630C2D}
	EndGlobalSection
EndGlobal
